
Microsoft Visual Studio Solution File, Format Version 10.00
# Visual Studio 2008
Project("{FAE04EC0-301F-11D3-BF4B-00C04F79EFBC}") = "DeleteEmptyFolders", "EmptyFolderDeleter\DeleteEmptyFolders.csproj", "{F52AFF4B-2E0B-4521-9E2F-3EA9A660399E}"
EndProject
Global
	GlobalSection(SolutionConfigurationPlatforms) = preSolution
		Debug|Any CPU = Debug|Any CPU
		Release|Any CPU = Release|Any CPU
	EndGlobalSection
	GlobalSection(ProjectConfigurationPlatforms) = postSolution
		{F52AFF4B-2E0B-4521-9E2F-3EA9A660399E}.Debug|Any CPU.ActiveCfg = Debug|Any CPU
		{F52AFF4B-2E0B-4521-9E2F-3EA9A660399E}.Debug|Any CPU.Build.0 = Debug|Any CPU
		{F52AFF4B-2E0B-4521-9E2F-3EA9A660399E}.Release|Any CPU.ActiveCfg = Release|Any CPU
		{F52AFF4B-2E0B-4521-9E2F-3EA9A660399E}.Release|Any CPU.Build.0 = Release|Any CPU
	EndGlobalSection
	GlobalSection(SolutionProperties) = preSolution
		HideSolutionNode = FALSE
	EndGlobalSection
EndGlobal
